// !$*UTF8*$!
{
	archiveVersion = 1;
	classes = {
	};
	objectVersion = 52;
	objects = {

/* Begin PBXBuildFile section */
		2547150527F613C10019EF23 /* SearchAddToGroup.swift in Sources */ = {isa = PBXBuildFile; fileRef = 2547150427F613C10019EF23 /* SearchAddToGroup.swift */; };
		255BD75C27E2582D0097B2D0 /* GoogleService-Info.plist in Resources */ = {isa = PBXBuildFile; fileRef = 255BD75B27E2582D0097B2D0 /* GoogleService-Info.plist */; };
		25B50DC528174B6600BFEDCF /* ImagePicker.swift in Sources */ = {isa = PBXBuildFile; fileRef = 25B50DC428174B6600BFEDCF /* ImagePicker.swift */; };
		25B50DC92819A95B00BFEDCF /* URLImage in Frameworks */ = {isa = PBXBuildFile; productRef = 25B50DC82819A95B00BFEDCF /* URLImage */; };
		6E416A562804AC2F001DCF24 /* ProfileView.swift in Sources */ = {isa = PBXBuildFile; fileRef = 6E416A552804AC2F001DCF24 /* ProfileView.swift */; };
		6E52B8C028070DDC00A5D729 /* CurrentUserRow.swift in Sources */ = {isa = PBXBuildFile; fileRef = 6E52B8BF28070DDC00A5D729 /* CurrentUserRow.swift */; };
		6E52B8C228074DA100A5D729 /* ContentView.swift in Sources */ = {isa = PBXBuildFile; fileRef = 6E52B8C128074DA100A5D729 /* ContentView.swift */; };
		6E52B8C428074FF700A5D729 /* SearchView.swift in Sources */ = {isa = PBXBuildFile; fileRef = 6E52B8C328074FF700A5D729 /* SearchView.swift */; };
		6E52B8C62807705200A5D729 /* User.swift in Sources */ = {isa = PBXBuildFile; fileRef = 6E52B8C52807705200A5D729 /* User.swift */; };
		6E52B8C82807796800A5D729 /* UserSearchRow.swift in Sources */ = {isa = PBXBuildFile; fileRef = 6E52B8C72807796800A5D729 /* UserSearchRow.swift */; };
		6E52B8CA28077A1F00A5D729 /* UserProfile.swift in Sources */ = {isa = PBXBuildFile; fileRef = 6E52B8C928077A1F00A5D729 /* UserProfile.swift */; };
		6E8EEEB927FE2DED007CACFC /* GroupMemberRow.swift in Sources */ = {isa = PBXBuildFile; fileRef = 6E8EEEB827FE2DED007CACFC /* GroupMemberRow.swift */; };
		6E8EEEBB27FE2E23007CACFC /* GroupHome.swift in Sources */ = {isa = PBXBuildFile; fileRef = 6E8EEEBA27FE2E23007CACFC /* GroupHome.swift */; };
		6E8EEEC127FE332D007CACFC /* Sacramento-Regular.ttf in Resources */ = {isa = PBXBuildFile; fileRef = 6E8EEEC027FE332D007CACFC /* Sacramento-Regular.ttf */; };
		6E8EEEC327FE5725007CACFC /* GroupUser.swift in Sources */ = {isa = PBXBuildFile; fileRef = 6E8EEEC227FE5725007CACFC /* GroupUser.swift */; };
		833EE8E3262B1C48004A9F9E /* MessengerApp.swift in Sources */ = {isa = PBXBuildFile; fileRef = 833EE8E2262B1C48004A9F9E /* MessengerApp.swift */; };
		833EE8E7262B1C4A004A9F9E /* Assets.xcassets in Resources */ = {isa = PBXBuildFile; fileRef = 833EE8E6262B1C4A004A9F9E /* Assets.xcassets */; };
		833EE8EA262B1C4A004A9F9E /* Preview Assets.xcassets in Resources */ = {isa = PBXBuildFile; fileRef = 833EE8E9262B1C4A004A9F9E /* Preview Assets.xcassets */; };
		833EE8F6262B1CBA004A9F9E /* SignInView.swift in Sources */ = {isa = PBXBuildFile; fileRef = 833EE8F5262B1CBA004A9F9E /* SignInView.swift */; };
		833EE8FA262B1CC7004A9F9E /* SignUpView.swift in Sources */ = {isa = PBXBuildFile; fileRef = 833EE8F9262B1CC7004A9F9E /* SignUpView.swift */; };
		833EE8FD262B1CD7004A9F9E /* ChatView.swift in Sources */ = {isa = PBXBuildFile; fileRef = 833EE8FC262B1CD7004A9F9E /* ChatView.swift */; };
		833EE900262B1CE2004A9F9E /* ChatRow.swift in Sources */ = {isa = PBXBuildFile; fileRef = 833EE8FF262B1CE2004A9F9E /* ChatRow.swift */; };
		833EE906262B1CFE004A9F9E /* SendButton.swift in Sources */ = {isa = PBXBuildFile; fileRef = 833EE905262B1CFE004A9F9E /* SendButton.swift */; };
		833EE909262B1D12004A9F9E /* Message.swift in Sources */ = {isa = PBXBuildFile; fileRef = 833EE908262B1D12004A9F9E /* Message.swift */; };
		833EE90C262B1D23004A9F9E /* AppStateModel.swift in Sources */ = {isa = PBXBuildFile; fileRef = 833EE90B262B1D23004A9F9E /* AppStateModel.swift */; };
		8A2AF05728D524A60012392F /* NotificationRow.swift in Sources */ = {isa = PBXBuildFile; fileRef = 8A2AF05528D524A60012392F /* NotificationRow.swift */; };
		8A2AF05828D524A60012392F /* NotificationView.swift in Sources */ = {isa = PBXBuildFile; fileRef = 8A2AF05628D524A60012392F /* NotificationView.swift */; };
		8A794ABA2925515E006B6D8A /* SearchCreateGroup.swift in Sources */ = {isa = PBXBuildFile; fileRef = 8A794AB92925515E006B6D8A /* SearchCreateGroup.swift */; };
		8A794ABC29258247006B6D8A /* ChooseGroupName.swift in Sources */ = {isa = PBXBuildFile; fileRef = 8A794ABB29258247006B6D8A /* ChooseGroupName.swift */; };
		8A794ABE29258664006B6D8A /* ChooseGroupVenue.swift in Sources */ = {isa = PBXBuildFile; fileRef = 8A794ABD29258664006B6D8A /* ChooseGroupVenue.swift */; };
		8A794AC2292D723A006B6D8A /* MessagesModel.swift in Sources */ = {isa = PBXBuildFile; fileRef = 8A794AC1292D723A006B6D8A /* MessagesModel.swift */; };
		8AC6DD21291A0A4400767B78 /* GroupStateModel.swift in Sources */ = {isa = PBXBuildFile; fileRef = 8AC6DD20291A0A4400767B78 /* GroupStateModel.swift */; };
		8AC6DD25291C36D900767B78 /* Group.swift in Sources */ = {isa = PBXBuildFile; fileRef = 8AC6DD24291C36D900767B78 /* Group.swift */; };
		8AC6DD27291DA18400767B78 /* BeerStateModel.swift in Sources */ = {isa = PBXBuildFile; fileRef = 8AC6DD26291DA18400767B78 /* BeerStateModel.swift */; };
		BE9310123767B7B6321F0B43 /* Pods_Messenger.framework in Frameworks */ = {isa = PBXBuildFile; fileRef = 0B7AEBEB773027514C6F28A0 /* Pods_Messenger.framework */; };
/* End PBXBuildFile section */

/* Begin PBXFileReference section */
		0B7AEBEB773027514C6F28A0 /* Pods_Messenger.framework */ = {isa = PBXFileReference; explicitFileType = wrapper.framework; includeInIndex = 0; path = Pods_Messenger.framework; sourceTree = BUILT_PRODUCTS_DIR; };
		2547150427F613C10019EF23 /* SearchAddToGroup.swift */ = {isa = PBXFileReference; fileEncoding = 4; lastKnownFileType = sourcecode.swift; path = SearchAddToGroup.swift; sourceTree = "<group>"; };
		255BD75B27E2582D0097B2D0 /* GoogleService-Info.plist */ = {isa = PBXFileReference; fileEncoding = 4; lastKnownFileType = text.plist.xml; path = "GoogleService-Info.plist"; sourceTree = "<group>"; };
		25B50DC428174B6600BFEDCF /* ImagePicker.swift */ = {isa = PBXFileReference; lastKnownFileType = sourcecode.swift; path = ImagePicker.swift; sourceTree = "<group>"; };
		62F97E9FA1F51FEA5242A9A6 /* Pods-Messenger.debug.xcconfig */ = {isa = PBXFileReference; includeInIndex = 1; lastKnownFileType = text.xcconfig; name = "Pods-Messenger.debug.xcconfig"; path = "Target Support Files/Pods-Messenger/Pods-Messenger.debug.xcconfig"; sourceTree = "<group>"; };
		6E416A552804AC2F001DCF24 /* ProfileView.swift */ = {isa = PBXFileReference; lastKnownFileType = sourcecode.swift; path = ProfileView.swift; sourceTree = "<group>"; };
		6E52B8BF28070DDC00A5D729 /* CurrentUserRow.swift */ = {isa = PBXFileReference; lastKnownFileType = sourcecode.swift; path = CurrentUserRow.swift; sourceTree = "<group>"; };
		6E52B8C128074DA100A5D729 /* ContentView.swift */ = {isa = PBXFileReference; fileEncoding = 4; lastKnownFileType = sourcecode.swift; path = ContentView.swift; sourceTree = "<group>"; };
		6E52B8C328074FF700A5D729 /* SearchView.swift */ = {isa = PBXFileReference; lastKnownFileType = sourcecode.swift; path = SearchView.swift; sourceTree = "<group>"; };
		6E52B8C52807705200A5D729 /* User.swift */ = {isa = PBXFileReference; lastKnownFileType = sourcecode.swift; path = User.swift; sourceTree = "<group>"; };
		6E52B8C72807796800A5D729 /* UserSearchRow.swift */ = {isa = PBXFileReference; lastKnownFileType = sourcecode.swift; path = UserSearchRow.swift; sourceTree = "<group>"; };
		6E52B8C928077A1F00A5D729 /* UserProfile.swift */ = {isa = PBXFileReference; lastKnownFileType = sourcecode.swift; path = UserProfile.swift; sourceTree = "<group>"; };
		6E8EEEB827FE2DED007CACFC /* GroupMemberRow.swift */ = {isa = PBXFileReference; lastKnownFileType = sourcecode.swift; path = GroupMemberRow.swift; sourceTree = "<group>"; };
		6E8EEEBA27FE2E23007CACFC /* GroupHome.swift */ = {isa = PBXFileReference; lastKnownFileType = sourcecode.swift; path = GroupHome.swift; sourceTree = "<group>"; };
		6E8EEEC027FE332D007CACFC /* Sacramento-Regular.ttf */ = {isa = PBXFileReference; lastKnownFileType = file; path = "Sacramento-Regular.ttf"; sourceTree = "<group>"; };
		6E8EEEC227FE5725007CACFC /* GroupUser.swift */ = {isa = PBXFileReference; lastKnownFileType = sourcecode.swift; path = GroupUser.swift; sourceTree = "<group>"; };
		82F412CACB8CF76C1D5DE609 /* Pods-Messenger.release.xcconfig */ = {isa = PBXFileReference; includeInIndex = 1; lastKnownFileType = text.xcconfig; name = "Pods-Messenger.release.xcconfig"; path = "Target Support Files/Pods-Messenger/Pods-Messenger.release.xcconfig"; sourceTree = "<group>"; };
		833EE8DF262B1C48004A9F9E /* Messenger.app */ = {isa = PBXFileReference; explicitFileType = wrapper.application; includeInIndex = 0; path = Messenger.app; sourceTree = BUILT_PRODUCTS_DIR; };
		833EE8E2262B1C48004A9F9E /* MessengerApp.swift */ = {isa = PBXFileReference; lastKnownFileType = sourcecode.swift; path = MessengerApp.swift; sourceTree = "<group>"; };
		833EE8E6262B1C4A004A9F9E /* Assets.xcassets */ = {isa = PBXFileReference; lastKnownFileType = folder.assetcatalog; path = Assets.xcassets; sourceTree = "<group>"; };
		833EE8E9262B1C4A004A9F9E /* Preview Assets.xcassets */ = {isa = PBXFileReference; lastKnownFileType = folder.assetcatalog; path = "Preview Assets.xcassets"; sourceTree = "<group>"; };
		833EE8EB262B1C4A004A9F9E /* Info.plist */ = {isa = PBXFileReference; lastKnownFileType = text.plist.xml; path = Info.plist; sourceTree = "<group>"; };
		833EE8F5262B1CBA004A9F9E /* SignInView.swift */ = {isa = PBXFileReference; lastKnownFileType = sourcecode.swift; path = SignInView.swift; sourceTree = "<group>"; };
		833EE8F9262B1CC7004A9F9E /* SignUpView.swift */ = {isa = PBXFileReference; lastKnownFileType = sourcecode.swift; path = SignUpView.swift; sourceTree = "<group>"; };
		833EE8FC262B1CD7004A9F9E /* ChatView.swift */ = {isa = PBXFileReference; lastKnownFileType = sourcecode.swift; path = ChatView.swift; sourceTree = "<group>"; };
		833EE8FF262B1CE2004A9F9E /* ChatRow.swift */ = {isa = PBXFileReference; lastKnownFileType = sourcecode.swift; path = ChatRow.swift; sourceTree = "<group>"; };
		833EE905262B1CFE004A9F9E /* SendButton.swift */ = {isa = PBXFileReference; lastKnownFileType = sourcecode.swift; path = SendButton.swift; sourceTree = "<group>"; };
		833EE908262B1D12004A9F9E /* Message.swift */ = {isa = PBXFileReference; lastKnownFileType = sourcecode.swift; path = Message.swift; sourceTree = "<group>"; };
		833EE90B262B1D23004A9F9E /* AppStateModel.swift */ = {isa = PBXFileReference; lastKnownFileType = sourcecode.swift; path = AppStateModel.swift; sourceTree = "<group>"; };
		8A2AF05528D524A60012392F /* NotificationRow.swift */ = {isa = PBXFileReference; fileEncoding = 4; lastKnownFileType = sourcecode.swift; path = NotificationRow.swift; sourceTree = "<group>"; };
		8A2AF05628D524A60012392F /* NotificationView.swift */ = {isa = PBXFileReference; fileEncoding = 4; lastKnownFileType = sourcecode.swift; path = NotificationView.swift; sourceTree = "<group>"; };
		8A794AB92925515E006B6D8A /* SearchCreateGroup.swift */ = {isa = PBXFileReference; lastKnownFileType = sourcecode.swift; path = SearchCreateGroup.swift; sourceTree = "<group>"; };
		8A794ABB29258247006B6D8A /* ChooseGroupName.swift */ = {isa = PBXFileReference; lastKnownFileType = sourcecode.swift; path = ChooseGroupName.swift; sourceTree = "<group>"; };
		8A794ABD29258664006B6D8A /* ChooseGroupVenue.swift */ = {isa = PBXFileReference; lastKnownFileType = sourcecode.swift; path = ChooseGroupVenue.swift; sourceTree = "<group>"; };
		8A794AC1292D723A006B6D8A /* MessagesModel.swift */ = {isa = PBXFileReference; lastKnownFileType = sourcecode.swift; path = MessagesModel.swift; sourceTree = "<group>"; };
		8AC6DD20291A0A4400767B78 /* GroupStateModel.swift */ = {isa = PBXFileReference; lastKnownFileType = sourcecode.swift; path = GroupStateModel.swift; sourceTree = "<group>"; };
		8AC6DD24291C36D900767B78 /* Group.swift */ = {isa = PBXFileReference; lastKnownFileType = sourcecode.swift; path = Group.swift; sourceTree = "<group>"; };
		8AC6DD26291DA18400767B78 /* BeerStateModel.swift */ = {isa = PBXFileReference; lastKnownFileType = sourcecode.swift; path = BeerStateModel.swift; sourceTree = "<group>"; };
/* End PBXFileReference section */

/* Begin PBXFrameworksBuildPhase section */
		833EE8DC262B1C48004A9F9E /* Frameworks */ = {
			isa = PBXFrameworksBuildPhase;
			buildActionMask = 2147483647;
			files = (
				25B50DC92819A95B00BFEDCF /* URLImage in Frameworks */,
				BE9310123767B7B6321F0B43 /* Pods_Messenger.framework in Frameworks */,
			);
			runOnlyForDeploymentPostprocessing = 0;
		};
/* End PBXFrameworksBuildPhase section */

/* Begin PBXGroup section */
		2137F5C486AD7AF85731E68A /* Pods */ = {
			isa = PBXGroup;
			children = (
				62F97E9FA1F51FEA5242A9A6 /* Pods-Messenger.debug.xcconfig */,
				82F412CACB8CF76C1D5DE609 /* Pods-Messenger.release.xcconfig */,
			);
			path = Pods;
			sourceTree = "<group>";
		};
		25B50DC228174B0800BFEDCF /* UIKit */ = {
			isa = PBXGroup;
			children = (
				25B50DC428174B6600BFEDCF /* ImagePicker.swift */,
			);
			path = UIKit;
			sourceTree = "<group>";
		};
		25B50DC62818286C00BFEDCF /* My Profile */ = {
			isa = PBXGroup;
			children = (
				6E416A552804AC2F001DCF24 /* ProfileView.swift */,
			);
			path = "My Profile";
			sourceTree = "<group>";
		};
		6E416A512804A687001DCF24 /* Sign InUp */ = {
			isa = PBXGroup;
			children = (
				833EE8F5262B1CBA004A9F9E /* SignInView.swift */,
				833EE8F9262B1CC7004A9F9E /* SignUpView.swift */,
			);
			path = "Sign InUp";
			sourceTree = "<group>";
		};
		6E416A522804A6B0001DCF24 /* Group */ = {
			isa = PBXGroup;
			children = (
				6E8EEEBA27FE2E23007CACFC /* GroupHome.swift */,
				6E52B8BF28070DDC00A5D729 /* CurrentUserRow.swift */,
				6E8EEEB827FE2DED007CACFC /* GroupMemberRow.swift */,
				2547150427F613C10019EF23 /* SearchAddToGroup.swift */,
				8A794AB92925515E006B6D8A /* SearchCreateGroup.swift */,
				8A794ABB29258247006B6D8A /* ChooseGroupName.swift */,
				8A794ABD29258664006B6D8A /* ChooseGroupVenue.swift */,
			);
			path = Group;
			sourceTree = "<group>";
		};
		6E416A532804A6CC001DCF24 /* Chat */ = {
			isa = PBXGroup;
			children = (
				833EE8FC262B1CD7004A9F9E /* ChatView.swift */,
				833EE8FF262B1CE2004A9F9E /* ChatRow.swift */,
				833EE905262B1CFE004A9F9E /* SendButton.swift */,
			);
			path = Chat;
			sourceTree = "<group>";
		};
		6E416A542804ABFA001DCF24 /* Discover */ = {
			isa = PBXGroup;
			children = (
				6E52B8C328074FF700A5D729 /* SearchView.swift */,
				6E52B8C928077A1F00A5D729 /* UserProfile.swift */,
				6E52B8C72807796800A5D729 /* UserSearchRow.swift */,
			);
			path = Discover;
			sourceTree = "<group>";
		};
		6E8EEEBD27FE323E007CACFC /* Fonts */ = {
			isa = PBXGroup;
			children = (
				6E8EEEC027FE332D007CACFC /* Sacramento-Regular.ttf */,
			);
			path = Fonts;
			sourceTree = "<group>";
		};
		833EE8D6262B1C48004A9F9E = {
			isa = PBXGroup;
			children = (
				833EE8E1262B1C48004A9F9E /* Messenger */,
				833EE8E0262B1C48004A9F9E /* Products */,
				2137F5C486AD7AF85731E68A /* Pods */,
				E1063D069C489BAEABBEC21D /* Frameworks */,
			);
			sourceTree = "<group>";
		};
		833EE8E0262B1C48004A9F9E /* Products */ = {
			isa = PBXGroup;
			children = (
				833EE8DF262B1C48004A9F9E /* Messenger.app */,
			);
			name = Products;
			sourceTree = "<group>";
		};
		833EE8E1262B1C48004A9F9E /* Messenger */ = {
			isa = PBXGroup;
			children = (
				25B50DC228174B0800BFEDCF /* UIKit */,
				833EE8F4262B1C77004A9F9E /* Resources */,
				833EE8F3262B1C70004A9F9E /* Models */,
				833EE8F2262B1C66004A9F9E /* Views */,
				833EE8EB262B1C4A004A9F9E /* Info.plist */,
				833EE8E8262B1C4A004A9F9E /* Preview Content */,
			);
			path = Messenger;
			sourceTree = "<group>";
		};
		833EE8E8262B1C4A004A9F9E /* Preview Content */ = {
			isa = PBXGroup;
			children = (
				833EE8E9262B1C4A004A9F9E /* Preview Assets.xcassets */,
			);
			path = "Preview Content";
			sourceTree = "<group>";
		};
		833EE8F2262B1C66004A9F9E /* Views */ = {
			isa = PBXGroup;
			children = (
				6E52B8C128074DA100A5D729 /* ContentView.swift */,
				8A2AF05428D524A60012392F /* Notification */,
				25B50DC62818286C00BFEDCF /* My Profile */,
				6E416A542804ABFA001DCF24 /* Discover */,
				6E416A532804A6CC001DCF24 /* Chat */,
				6E416A522804A6B0001DCF24 /* Group */,
				6E416A512804A687001DCF24 /* Sign InUp */,
			);
			path = Views;
			sourceTree = "<group>";
		};
		833EE8F3262B1C70004A9F9E /* Models */ = {
			isa = PBXGroup;
			children = (
				833EE908262B1D12004A9F9E /* Message.swift */,
				8AC6DD24291C36D900767B78 /* Group.swift */,
				6E8EEEC227FE5725007CACFC /* GroupUser.swift */,
				6E52B8C52807705200A5D729 /* User.swift */,
				833EE90B262B1D23004A9F9E /* AppStateModel.swift */,
				8AC6DD26291DA18400767B78 /* BeerStateModel.swift */,
				8AC6DD20291A0A4400767B78 /* GroupStateModel.swift */,
				8A794AC1292D723A006B6D8A /* MessagesModel.swift */,
			);
			path = Models;
			sourceTree = "<group>";
		};
		833EE8F4262B1C77004A9F9E /* Resources */ = {
			isa = PBXGroup;
			children = (
				6E8EEEBD27FE323E007CACFC /* Fonts */,
				255BD75B27E2582D0097B2D0 /* GoogleService-Info.plist */,
				833EE8E2262B1C48004A9F9E /* MessengerApp.swift */,
				833EE8E6262B1C4A004A9F9E /* Assets.xcassets */,
			);
			path = Resources;
			sourceTree = "<group>";
		};
		8A2AF05428D524A60012392F /* Notification */ = {
			isa = PBXGroup;
			children = (
				8A2AF05528D524A60012392F /* NotificationRow.swift */,
				8A2AF05628D524A60012392F /* NotificationView.swift */,
			);
			path = Notification;
			sourceTree = "<group>";
		};
		E1063D069C489BAEABBEC21D /* Frameworks */ = {
			isa = PBXGroup;
			children = (
				0B7AEBEB773027514C6F28A0 /* Pods_Messenger.framework */,
			);
			name = Frameworks;
			sourceTree = "<group>";
		};
/* End PBXGroup section */

/* Begin PBXNativeTarget section */
		833EE8DE262B1C48004A9F9E /* Messenger */ = {
			isa = PBXNativeTarget;
			buildConfigurationList = 833EE8EE262B1C4A004A9F9E /* Build configuration list for PBXNativeTarget "Messenger" */;
			buildPhases = (
				FF7EA2431BABD7CDD6CE1E37 /* [CP] Check Pods Manifest.lock */,
				833EE8DB262B1C48004A9F9E /* Sources */,
				833EE8DC262B1C48004A9F9E /* Frameworks */,
				833EE8DD262B1C48004A9F9E /* Resources */,
				C95D6FA11AB45DD0BC8BD368 /* [CP] Embed Pods Frameworks */,
			);
			buildRules = (
			);
			dependencies = (
			);
			name = Messenger;
			packageProductDependencies = (
				25B50DC82819A95B00BFEDCF /* URLImage */,
			);
			productName = Messenger;
			productReference = 833EE8DF262B1C48004A9F9E /* Messenger.app */;
			productType = "com.apple.product-type.application";
		};
/* End PBXNativeTarget section */

/* Begin PBXProject section */
		833EE8D7262B1C48004A9F9E /* Project object */ = {
			isa = PBXProject;
			attributes = {
				LastSwiftUpdateCheck = 1240;
				LastUpgradeCheck = 1240;
				TargetAttributes = {
					833EE8DE262B1C48004A9F9E = {
						CreatedOnToolsVersion = 12.4;
					};
				};
			};
			buildConfigurationList = 833EE8DA262B1C48004A9F9E /* Build configuration list for PBXProject "Messenger" */;
			compatibilityVersion = "Xcode 9.3";
			developmentRegion = en;
			hasScannedForEncodings = 0;
			knownRegions = (
				en,
				Base,
			);
			mainGroup = 833EE8D6262B1C48004A9F9E;
			packageReferences = (
				25B50DC72819A95B00BFEDCF /* XCRemoteSwiftPackageReference "url-image" */,
			);
			productRefGroup = 833EE8E0262B1C48004A9F9E /* Products */;
			projectDirPath = "";
			projectRoot = "";
			targets = (
				833EE8DE262B1C48004A9F9E /* Messenger */,
			);
		};
/* End PBXProject section */

/* Begin PBXResourcesBuildPhase section */
		833EE8DD262B1C48004A9F9E /* Resources */ = {
			isa = PBXResourcesBuildPhase;
			buildActionMask = 2147483647;
			files = (
				833EE8EA262B1C4A004A9F9E /* Preview Assets.xcassets in Resources */,
				833EE8E7262B1C4A004A9F9E /* Assets.xcassets in Resources */,
				6E8EEEC127FE332D007CACFC /* Sacramento-Regular.ttf in Resources */,
				255BD75C27E2582D0097B2D0 /* GoogleService-Info.plist in Resources */,
			);
			runOnlyForDeploymentPostprocessing = 0;
		};
/* End PBXResourcesBuildPhase section */

/* Begin PBXShellScriptBuildPhase section */
		C95D6FA11AB45DD0BC8BD368 /* [CP] Embed Pods Frameworks */ = {
			isa = PBXShellScriptBuildPhase;
			buildActionMask = 2147483647;
			files = (
			);
			inputFileListPaths = (
				"${PODS_ROOT}/Target Support Files/Pods-Messenger/Pods-Messenger-frameworks-${CONFIGURATION}-input-files.xcfilelist",
			);
			name = "[CP] Embed Pods Frameworks";
			outputFileListPaths = (
				"${PODS_ROOT}/Target Support Files/Pods-Messenger/Pods-Messenger-frameworks-${CONFIGURATION}-output-files.xcfilelist",
			);
			runOnlyForDeploymentPostprocessing = 0;
			shellPath = /bin/sh;
			shellScript = "\"${PODS_ROOT}/Target Support Files/Pods-Messenger/Pods-Messenger-frameworks.sh\"\n";
			showEnvVarsInLog = 0;
		};
		FF7EA2431BABD7CDD6CE1E37 /* [CP] Check Pods Manifest.lock */ = {
			isa = PBXShellScriptBuildPhase;
			buildActionMask = 2147483647;
			files = (
			);
			inputFileListPaths = (
			);
			inputPaths = (
				"${PODS_PODFILE_DIR_PATH}/Podfile.lock",
				"${PODS_ROOT}/Manifest.lock",
			);
			name = "[CP] Check Pods Manifest.lock";
			outputFileListPaths = (
			);
			outputPaths = (
				"$(DERIVED_FILE_DIR)/Pods-Messenger-checkManifestLockResult.txt",
			);
			runOnlyForDeploymentPostprocessing = 0;
			shellPath = /bin/sh;
			shellScript = "diff \"${PODS_PODFILE_DIR_PATH}/Podfile.lock\" \"${PODS_ROOT}/Manifest.lock\" > /dev/null\nif [ $? != 0 ] ; then\n    # print error to STDERR\n    echo \"error: The sandbox is not in sync with the Podfile.lock. Run 'pod install' or update your CocoaPods installation.\" >&2\n    exit 1\nfi\n# This output is used by Xcode 'outputs' to avoid re-running this script phase.\necho \"SUCCESS\" > \"${SCRIPT_OUTPUT_FILE_0}\"\n";
			showEnvVarsInLog = 0;
		};
/* End PBXShellScriptBuildPhase section */

/* Begin PBXSourcesBuildPhase section */
		833EE8DB262B1C48004A9F9E /* Sources */ = {
			isa = PBXSourcesBuildPhase;
			buildActionMask = 2147483647;
			files = (
				6E52B8CA28077A1F00A5D729 /* UserProfile.swift in Sources */,
				8A794AC2292D723A006B6D8A /* MessagesModel.swift in Sources */,
				6E8EEEC327FE5725007CACFC /* GroupUser.swift in Sources */,
				6E8EEEBB27FE2E23007CACFC /* GroupHome.swift in Sources */,
				8A794ABA2925515E006B6D8A /* SearchCreateGroup.swift in Sources */,
				8AC6DD25291C36D900767B78 /* Group.swift in Sources */,
				8A2AF05828D524A60012392F /* NotificationView.swift in Sources */,
				833EE8FA262B1CC7004A9F9E /* SignUpView.swift in Sources */,
				6E52B8C028070DDC00A5D729 /* CurrentUserRow.swift in Sources */,
				833EE906262B1CFE004A9F9E /* SendButton.swift in Sources */,
				833EE8F6262B1CBA004A9F9E /* SignInView.swift in Sources */,
				833EE909262B1D12004A9F9E /* Message.swift in Sources */,
				8AC6DD21291A0A4400767B78 /* GroupStateModel.swift in Sources */,
				6E52B8C62807705200A5D729 /* User.swift in Sources */,
				833EE8FD262B1CD7004A9F9E /* ChatView.swift in Sources */,
				6E8EEEB927FE2DED007CACFC /* GroupMemberRow.swift in Sources */,
				6E416A562804AC2F001DCF24 /* ProfileView.swift in Sources */,
				8A2AF05728D524A60012392F /* NotificationRow.swift in Sources */,
				833EE900262B1CE2004A9F9E /* ChatRow.swift in Sources */,
				8A794ABC29258247006B6D8A /* ChooseGroupName.swift in Sources */,
				6E52B8C228074DA100A5D729 /* ContentView.swift in Sources */,
				6E52B8C428074FF700A5D729 /* SearchView.swift in Sources */,
				833EE8E3262B1C48004A9F9E /* MessengerApp.swift in Sources */,
				833EE90C262B1D23004A9F9E /* AppStateModel.swift in Sources */,
				25B50DC528174B6600BFEDCF /* ImagePicker.swift in Sources */,
				2547150527F613C10019EF23 /* SearchAddToGroup.swift in Sources */,
				8A794ABE29258664006B6D8A /* ChooseGroupVenue.swift in Sources */,
				6E52B8C82807796800A5D729 /* UserSearchRow.swift in Sources */,
				8AC6DD27291DA18400767B78 /* BeerStateModel.swift in Sources */,
			);
			runOnlyForDeploymentPostprocessing = 0;
		};
/* End PBXSourcesBuildPhase section */

/* Begin XCBuildConfiguration section */
		833EE8EC262B1C4A004A9F9E /* Debug */ = {
			isa = XCBuildConfiguration;
			buildSettings = {
				ALWAYS_SEARCH_USER_PATHS = NO;
				CLANG_ANALYZER_NONNULL = YES;
				CLANG_ANALYZER_NUMBER_OBJECT_CONVERSION = YES_AGGRESSIVE;
				CLANG_CXX_LANGUAGE_STANDARD = "gnu++14";
				CLANG_CXX_LIBRARY = "libc++";
				CLANG_ENABLE_MODULES = YES;
				CLANG_ENABLE_OBJC_ARC = YES;
				CLANG_ENABLE_OBJC_WEAK = YES;
				CLANG_WARN_BLOCK_CAPTURE_AUTORELEASING = YES;
				CLANG_WARN_BOOL_CONVERSION = YES;
				CLANG_WARN_COMMA = YES;
				CLANG_WARN_CONSTANT_CONVERSION = YES;
				CLANG_WARN_DEPRECATED_OBJC_IMPLEMENTATIONS = YES;
				CLANG_WARN_DIRECT_OBJC_ISA_USAGE = YES_ERROR;
				CLANG_WARN_DOCUMENTATION_COMMENTS = YES;
				CLANG_WARN_EMPTY_BODY = YES;
				CLANG_WARN_ENUM_CONVERSION = YES;
				CLANG_WARN_INFINITE_RECURSION = YES;
				CLANG_WARN_INT_CONVERSION = YES;
				CLANG_WARN_NON_LITERAL_NULL_CONVERSION = YES;
				CLANG_WARN_OBJC_IMPLICIT_RETAIN_SELF = YES;
				CLANG_WARN_OBJC_LITERAL_CONVERSION = YES;
				CLANG_WARN_OBJC_ROOT_CLASS = YES_ERROR;
				CLANG_WARN_QUOTED_INCLUDE_IN_FRAMEWORK_HEADER = YES;
				CLANG_WARN_RANGE_LOOP_ANALYSIS = YES;
				CLANG_WARN_STRICT_PROTOTYPES = YES;
				CLANG_WARN_SUSPICIOUS_MOVE = YES;
				CLANG_WARN_UNGUARDED_AVAILABILITY = YES_AGGRESSIVE;
				CLANG_WARN_UNREACHABLE_CODE = YES;
				CLANG_WARN__DUPLICATE_METHOD_MATCH = YES;
				COPY_PHASE_STRIP = NO;
				DEBUG_INFORMATION_FORMAT = dwarf;
				ENABLE_STRICT_OBJC_MSGSEND = YES;
				ENABLE_TESTABILITY = YES;
				GCC_C_LANGUAGE_STANDARD = gnu11;
				GCC_DYNAMIC_NO_PIC = NO;
				GCC_NO_COMMON_BLOCKS = YES;
				GCC_OPTIMIZATION_LEVEL = 0;
				GCC_PREPROCESSOR_DEFINITIONS = (
					"DEBUG=1",
					"$(inherited)",
				);
				GCC_WARN_64_TO_32_BIT_CONVERSION = YES;
				GCC_WARN_ABOUT_RETURN_TYPE = YES_ERROR;
				GCC_WARN_UNDECLARED_SELECTOR = YES;
				GCC_WARN_UNINITIALIZED_AUTOS = YES_AGGRESSIVE;
				GCC_WARN_UNUSED_FUNCTION = YES;
				GCC_WARN_UNUSED_VARIABLE = YES;
				IPHONEOS_DEPLOYMENT_TARGET = 14.4;
				MTL_ENABLE_DEBUG_INFO = INCLUDE_SOURCE;
				MTL_FAST_MATH = YES;
				ONLY_ACTIVE_ARCH = YES;
				SDKROOT = iphoneos;
				SWIFT_ACTIVE_COMPILATION_CONDITIONS = DEBUG;
				SWIFT_OPTIMIZATION_LEVEL = "-Onone";
			};
			name = Debug;
		};
		833EE8ED262B1C4A004A9F9E /* Release */ = {
			isa = XCBuildConfiguration;
			buildSettings = {
				ALWAYS_SEARCH_USER_PATHS = NO;
				CLANG_ANALYZER_NONNULL = YES;
				CLANG_ANALYZER_NUMBER_OBJECT_CONVERSION = YES_AGGRESSIVE;
				CLANG_CXX_LANGUAGE_STANDARD = "gnu++14";
				CLANG_CXX_LIBRARY = "libc++";
				CLANG_ENABLE_MODULES = YES;
				CLANG_ENABLE_OBJC_ARC = YES;
				CLANG_ENABLE_OBJC_WEAK = YES;
				CLANG_WARN_BLOCK_CAPTURE_AUTORELEASING = YES;
				CLANG_WARN_BOOL_CONVERSION = YES;
				CLANG_WARN_COMMA = YES;
				CLANG_WARN_CONSTANT_CONVERSION = YES;
				CLANG_WARN_DEPRECATED_OBJC_IMPLEMENTATIONS = YES;
				CLANG_WARN_DIRECT_OBJC_ISA_USAGE = YES_ERROR;
				CLANG_WARN_DOCUMENTATION_COMMENTS = YES;
				CLANG_WARN_EMPTY_BODY = YES;
				CLANG_WARN_ENUM_CONVERSION = YES;
				CLANG_WARN_INFINITE_RECURSION = YES;
				CLANG_WARN_INT_CONVERSION = YES;
				CLANG_WARN_NON_LITERAL_NULL_CONVERSION = YES;
				CLANG_WARN_OBJC_IMPLICIT_RETAIN_SELF = YES;
				CLANG_WARN_OBJC_LITERAL_CONVERSION = YES;
				CLANG_WARN_OBJC_ROOT_CLASS = YES_ERROR;
				CLANG_WARN_QUOTED_INCLUDE_IN_FRAMEWORK_HEADER = YES;
				CLANG_WARN_RANGE_LOOP_ANALYSIS = YES;
				CLANG_WARN_STRICT_PROTOTYPES = YES;
				CLANG_WARN_SUSPICIOUS_MOVE = YES;
				CLANG_WARN_UNGUARDED_AVAILABILITY = YES_AGGRESSIVE;
				CLANG_WARN_UNREACHABLE_CODE = YES;
				CLANG_WARN__DUPLICATE_METHOD_MATCH = YES;
				COPY_PHASE_STRIP = NO;
				DEBUG_INFORMATION_FORMAT = "dwarf-with-dsym";
				ENABLE_NS_ASSERTIONS = NO;
				ENABLE_STRICT_OBJC_MSGSEND = YES;
				GCC_C_LANGUAGE_STANDARD = gnu11;
				GCC_NO_COMMON_BLOCKS = YES;
				GCC_WARN_64_TO_32_BIT_CONVERSION = YES;
				GCC_WARN_ABOUT_RETURN_TYPE = YES_ERROR;
				GCC_WARN_UNDECLARED_SELECTOR = YES;
				GCC_WARN_UNINITIALIZED_AUTOS = YES_AGGRESSIVE;
				GCC_WARN_UNUSED_FUNCTION = YES;
				GCC_WARN_UNUSED_VARIABLE = YES;
				IPHONEOS_DEPLOYMENT_TARGET = 14.4;
				MTL_ENABLE_DEBUG_INFO = NO;
				MTL_FAST_MATH = YES;
				SDKROOT = iphoneos;
				SWIFT_COMPILATION_MODE = wholemodule;
				SWIFT_OPTIMIZATION_LEVEL = "-O";
				VALIDATE_PRODUCT = YES;
			};
			name = Release;
		};
		833EE8EF262B1C4A004A9F9E /* Debug */ = {
			isa = XCBuildConfiguration;
			baseConfigurationReference = 62F97E9FA1F51FEA5242A9A6 /* Pods-Messenger.debug.xcconfig */;
			buildSettings = {
				ASSETCATALOG_COMPILER_APPICON_NAME = AppIcon;
				ASSETCATALOG_COMPILER_GLOBAL_ACCENT_COLOR_NAME = AccentColor;
				CODE_SIGN_STYLE = Automatic;
				DEVELOPMENT_ASSET_PATHS = "\"Messenger/Preview Content\"";
				DEVELOPMENT_TEAM = FFJLABN9D5;
				ENABLE_PREVIEWS = YES;
				INFOPLIST_FILE = Messenger/Info.plist;
				IPHONEOS_DEPLOYMENT_TARGET = 14.0;
				LD_RUNPATH_SEARCH_PATHS = (
					"$(inherited)",
					"@executable_path/Frameworks",
				);
				PRODUCT_BUNDLE_IDENTIFIER = christopherdelaney.messenger;
				PRODUCT_NAME = "$(TARGET_NAME)";
				SWIFT_VERSION = 5.0;
				TARGETED_DEVICE_FAMILY = "1,2";
			};
			name = Debug;
		};
		833EE8F0262B1C4A004A9F9E /* Release */ = {
			isa = XCBuildConfiguration;
			baseConfigurationReference = 82F412CACB8CF76C1D5DE609 /* Pods-Messenger.release.xcconfig */;
			buildSettings = {
				ASSETCATALOG_COMPILER_APPICON_NAME = AppIcon;
				ASSETCATALOG_COMPILER_GLOBAL_ACCENT_COLOR_NAME = AccentColor;
				CODE_SIGN_STYLE = Automatic;
				DEVELOPMENT_ASSET_PATHS = "\"Messenger/Preview Content\"";
				DEVELOPMENT_TEAM = FFJLABN9D5;
				ENABLE_PREVIEWS = YES;
				INFOPLIST_FILE = Messenger/Info.plist;
				IPHONEOS_DEPLOYMENT_TARGET = 14.0;
				LD_RUNPATH_SEARCH_PATHS = (
					"$(inherited)",
					"@executable_path/Frameworks",
				);
				PRODUCT_BUNDLE_IDENTIFIER = christopherdelaney.messenger;
				PRODUCT_NAME = "$(TARGET_NAME)";
				SWIFT_VERSION = 5.0;
				TARGETED_DEVICE_FAMILY = "1,2";
			};
			name = Release;
		};
/* End XCBuildConfiguration section */

/* Begin XCConfigurationList section */
		833EE8DA262B1C48004A9F9E /* Build configuration list for PBXProject "Messenger" */ = {
			isa = XCConfigurationList;
			buildConfigurations = (
				833EE8EC262B1C4A004A9F9E /* Debug */,
				833EE8ED262B1C4A004A9F9E /* Release */,
			);
			defaultConfigurationIsVisible = 0;
			defaultConfigurationName = Release;
		};
		833EE8EE262B1C4A004A9F9E /* Build configuration list for PBXNativeTarget "Messenger" */ = {
			isa = XCConfigurationList;
			buildConfigurations = (
				833EE8EF262B1C4A004A9F9E /* Debug */,
				833EE8F0262B1C4A004A9F9E /* Release */,
			);
			defaultConfigurationIsVisible = 0;
			defaultConfigurationName = Release;
		};
/* End XCConfigurationList section */

/* Begin XCRemoteSwiftPackageReference section */
		25B50DC72819A95B00BFEDCF /* XCRemoteSwiftPackageReference "url-image" */ = {
			isa = XCRemoteSwiftPackageReference;
			repositoryURL = "https://github.com/dmytro-anokhin/url-image";
			requirement = {
				kind = upToNextMajorVersion;
				minimumVersion = 3.0.0;
			};
		};
/* End XCRemoteSwiftPackageReference section */

/* Begin XCSwiftPackageProductDependency section */
		25B50DC82819A95B00BFEDCF /* URLImage */ = {
			isa = XCSwiftPackageProductDependency;
			package = 25B50DC72819A95B00BFEDCF /* XCRemoteSwiftPackageReference "url-image" */;
			productName = URLImage;
		};
/* End XCSwiftPackageProductDependency section */
	};
	rootObject = 833EE8D7262B1C48004A9F9E /* Project object */;
}
